
Microsoft Visual Studio Solution File, Format Version 12.00
# Visual Studio Version 16
VisualStudioVersion = 16.0.31729.503
MinimumVisualStudioVersion = 10.0.40219.1
Project("{8BC9CEB8-8B4A-11D0-8D11-00A0C91BC942}") = "NotOrtalamasiHesabi", "NotOrtalamasiHesabi\NotOrtalamasiHesabi.vcxproj", "{4F744EB8-8355-4504-83AD-CE1F5988F201}"
EndProject
Global
	GlobalSection(SolutionConfigurationPlatforms) = preSolution
		Debug|x64 = Debug|x64
		Debug|x86 = Debug|x86
		Release|x64 = Release|x64
		Release|x86 = Release|x86
	EndGlobalSection
	GlobalSection(ProjectConfigurationPlatforms) = postSolution
		{4F744EB8-8355-4504-83AD-CE1F5988F201}.Debug|x64.ActiveCfg = Debug|x64
		{4F744EB8-8355-4504-83AD-CE1F5988F201}.Debug|x64.Build.0 = Debug|x64
		{4F744EB8-8355-4504-83AD-CE1F5988F201}.Debug|x86.ActiveCfg = Debug|Win32
		{4F744EB8-8355-4504-83AD-CE1F5988F201}.Debug|x86.Build.0 = Debug|Win32
		{4F744EB8-8355-4504-83AD-CE1F5988F201}.Release|x64.ActiveCfg = Release|x64
		{4F744EB8-8355-4504-83AD-CE1F5988F201}.Release|x64.Build.0 = Release|x64
		{4F744EB8-8355-4504-83AD-CE1F5988F201}.Release|x86.ActiveCfg = Release|Win32
		{4F744EB8-8355-4504-83AD-CE1F5988F201}.Release|x86.Build.0 = Release|Win32
	EndGlobalSection
	GlobalSection(SolutionProperties) = preSolution
		HideSolutionNode = FALSE
	EndGlobalSection
	GlobalSection(ExtensibilityGlobals) = postSolution
		SolutionGuid = {092271E5-EA36-4168-8C6C-86844F09BA3C}
	EndGlobalSection
EndGlobal
